
Microsoft Visual Studio Solution File, Format Version 12.00
Project("{FAE04EC0-301F-11D3-BF4B-00C04F79EFBC}") = "FluentPermissions", "FluentPermissions\FluentPermissions\FluentPermissions.csproj", "{2B13312F-D6D4-48A7-AF68-1A2F057BAEAF}"
EndProject
Project("{FAE04EC0-301F-11D3-BF4B-00C04F79EFBC}") = "FluentPermissions.Sample", "FluentPermissions\FluentPermissions.Sample\FluentPermissions.Sample.csproj", "{C8C1A0F7-43ED-4270-8170-7986A6717C95}"
EndProject
Project("{FAE04EC0-301F-11D3-BF4B-00C04F79EFBC}") = "FluentPermissions.Tests", "FluentPermissions\FluentPermissions.Tests\FluentPermissions.Tests.csproj", "{5FF9544B-A69E-443F-AB38-B22C070489AA}"
EndProject
Project("{FAE04EC0-301F-11D3-BF4B-00C04F79EFBC}") = "FluentPermissions.Core", "FluentPermissions.Core\FluentPermissions.Core.csproj", "{94832E47-0CC9-4D31-A503-CF6D0A290A82}"
EndProject
Global
	GlobalSection(SolutionConfigurationPlatforms) = preSolution
		Debug|Any CPU = Debug|Any CPU
		Release|Any CPU = Release|Any CPU
	EndGlobalSection
	GlobalSection(ProjectConfigurationPlatforms) = postSolution
		{2B13312F-D6D4-48A7-AF68-1A2F057BAEAF}.Debug|Any CPU.ActiveCfg = Debug|Any CPU
		{2B13312F-D6D4-48A7-AF68-1A2F057BAEAF}.Debug|Any CPU.Build.0 = Debug|Any CPU
		{2B13312F-D6D4-48A7-AF68-1A2F057BAEAF}.Release|Any CPU.ActiveCfg = Release|Any CPU
		{2B13312F-D6D4-48A7-AF68-1A2F057BAEAF}.Release|Any CPU.Build.0 = Release|Any CPU
		{C8C1A0F7-43ED-4270-8170-7986A6717C95}.Debug|Any CPU.ActiveCfg = Debug|Any CPU
		{C8C1A0F7-43ED-4270-8170-7986A6717C95}.Debug|Any CPU.Build.0 = Debug|Any CPU
		{C8C1A0F7-43ED-4270-8170-7986A6717C95}.Release|Any CPU.ActiveCfg = Release|Any CPU
		{C8C1A0F7-43ED-4270-8170-7986A6717C95}.Release|Any CPU.Build.0 = Release|Any CPU
		{5FF9544B-A69E-443F-AB38-B22C070489AA}.Debug|Any CPU.ActiveCfg = Debug|Any CPU
		{5FF9544B-A69E-443F-AB38-B22C070489AA}.Debug|Any CPU.Build.0 = Debug|Any CPU
		{5FF9544B-A69E-443F-AB38-B22C070489AA}.Release|Any CPU.ActiveCfg = Release|Any CPU
		{5FF9544B-A69E-443F-AB38-B22C070489AA}.Release|Any CPU.Build.0 = Release|Any CPU
		{94832E47-0CC9-4D31-A503-CF6D0A290A82}.Debug|Any CPU.ActiveCfg = Debug|Any CPU
		{94832E47-0CC9-4D31-A503-CF6D0A290A82}.Debug|Any CPU.Build.0 = Debug|Any CPU
		{94832E47-0CC9-4D31-A503-CF6D0A290A82}.Release|Any CPU.ActiveCfg = Release|Any CPU
		{94832E47-0CC9-4D31-A503-CF6D0A290A82}.Release|Any CPU.Build.0 = Release|Any CPU
	EndGlobalSection
EndGlobal
